
Microsoft Visual Studio Solution File, Format Version 12.00
# Visual Studio 15
VisualStudioVersion = 15.0.27004.2005
MinimumVisualStudioVersion = 10.0.40219.1
Project("{2150E333-8FDC-42A3-9474-1A3956D46DE8}") = "Solution Items", "Solution Items", "{DA3A7FE4-3663-455B-BCE5-CFC4CBBB80C1}"
	ProjectSection(SolutionItems) = preProject
		gameboard.html = gameboard.html
	EndProjectSection
EndProject
Global
	GlobalSection(SolutionProperties) = preSolution
		HideSolutionNode = FALSE
	EndGlobalSection
	GlobalSection(ExtensibilityGlobals) = postSolution
		SolutionGuid = {BFB3A2C9-7C5E-4E53-AABB-5F2D27A07652}
	EndGlobalSection
EndGlobal
